// !$*UTF8*$!
{
	archiveVersion = 1;
	classes = {
	};
	objectVersion = 46;
	objects = {

/* Begin PBXBuildFile section */
		762641801DD57BAD00CA290C /* PlayerViewController.m in Sources */ = {isa = PBXBuildFile; fileRef = 7626417F1DD57BAD00CA290C /* PlayerViewController.m */; };
		766870731DD5610700CBAE85 /* SpotifyAudioPlayback.framework in Frameworks */ = {isa = PBXBuildFile; fileRef = 766870701DD5610700CBAE85 /* SpotifyAudioPlayback.framework */; };
		766870741DD5610700CBAE85 /* SpotifyAuthentication.framework in Frameworks */ = {isa = PBXBuildFile; fileRef = 766870711DD5610700CBAE85 /* SpotifyAuthentication.framework */; };
		766870751DD5610700CBAE85 /* SpotifyMetadata.framework in Frameworks */ = {isa = PBXBuildFile; fileRef = 766870721DD5610700CBAE85 /* SpotifyMetadata.framework */; };
		76FC26961DB84801004304D1 /* main.m in Sources */ = {isa = PBXBuildFile; fileRef = 76FC26951DB84801004304D1 /* main.m */; };
		76FC26991DB84801004304D1 /* AppDelegate.m in Sources */ = {isa = PBXBuildFile; fileRef = 76FC26981DB84801004304D1 /* AppDelegate.m */; };
		76FC269C1DB84801004304D1 /* ViewController.m in Sources */ = {isa = PBXBuildFile; fileRef = 76FC269B1DB84801004304D1 /* ViewController.m */; };
		76FC269F1DB84801004304D1 /* Main.storyboard in Resources */ = {isa = PBXBuildFile; fileRef = 76FC269D1DB84801004304D1 /* Main.storyboard */; };
		76FC26A11DB84802004304D1 /* Assets.xcassets in Resources */ = {isa = PBXBuildFile; fileRef = 76FC26A01DB84802004304D1 /* Assets.xcassets */; };
		76FC26A41DB84802004304D1 /* LaunchScreen.storyboard in Resources */ = {isa = PBXBuildFile; fileRef = 76FC26A21DB84802004304D1 /* LaunchScreen.storyboard */; };
		76FC26AF1DB84802004304D1 /* SpotifindTests.m in Sources */ = {isa = PBXBuildFile; fileRef = 76FC26AE1DB84802004304D1 /* SpotifindTests.m */; };
		76FC26BA1DB84802004304D1 /* SpotifindUITests.m in Sources */ = {isa = PBXBuildFile; fileRef = 76FC26B91DB84802004304D1 /* SpotifindUITests.m */; };
		76FC26CF1DB8481E004304D1 /* AVFoundation.framework in Frameworks */ = {isa = PBXBuildFile; fileRef = 76FC26CE1DB8481E004304D1 /* AVFoundation.framework */; };
		76FC26D11DB848E4004304D1 /* CoreData.framework in Frameworks */ = {isa = PBXBuildFile; fileRef = 76FC26D01DB848E4004304D1 /* CoreData.framework */; };
		76FC26D31DB848F2004304D1 /* UIKit.framework in Frameworks */ = {isa = PBXBuildFile; fileRef = 76FC26D21DB848F2004304D1 /* UIKit.framework */; };
		76FC26D51DB84904004304D1 /* Foundation.framework in Frameworks */ = {isa = PBXBuildFile; fileRef = 76FC26D41DB84904004304D1 /* Foundation.framework */; };
		76FC26D71DB84908004304D1 /* CoreGraphics.framework in Frameworks */ = {isa = PBXBuildFile; fileRef = 76FC26D61DB84908004304D1 /* CoreGraphics.framework */; };
		76FC26E01DB84ADF004304D1 /* Security.framework in Frameworks */ = {isa = PBXBuildFile; fileRef = 76FC26DF1DB84ADF004304D1 /* Security.framework */; };
/* End PBXBuildFile section */

/* Begin PBXContainerItemProxy section */
		76FC26AB1DB84802004304D1 /* PBXContainerItemProxy */ = {
			isa = PBXContainerItemProxy;
			containerPortal = 76FC26891DB84801004304D1 /* Project object */;
			proxyType = 1;
			remoteGlobalIDString = 76FC26901DB84801004304D1;
			remoteInfo = Spotifind;
		};
		76FC26B61DB84802004304D1 /* PBXContainerItemProxy */ = {
			isa = PBXContainerItemProxy;
			containerPortal = 76FC26891DB84801004304D1 /* Project object */;
			proxyType = 1;
			remoteGlobalIDString = 76FC26901DB84801004304D1;
			remoteInfo = Spotifind;
		};
/* End PBXContainerItemProxy section */

/* Begin PBXFileReference section */
		7626417E1DD57BAD00CA290C /* PlayerViewController.h */ = {isa = PBXFileReference; fileEncoding = 4; lastKnownFileType = sourcecode.c.h; path = PlayerViewController.h; sourceTree = "<group>"; };
		7626417F1DD57BAD00CA290C /* PlayerViewController.m */ = {isa = PBXFileReference; fileEncoding = 4; lastKnownFileType = sourcecode.c.objc; path = PlayerViewController.m; sourceTree = "<group>"; };
		766870701DD5610700CBAE85 /* SpotifyAudioPlayback.framework */ = {isa = PBXFileReference; lastKnownFileType = wrapper.framework; path = SpotifyAudioPlayback.framework; sourceTree = "<group>"; };
		766870711DD5610700CBAE85 /* SpotifyAuthentication.framework */ = {isa = PBXFileReference; lastKnownFileType = wrapper.framework; path = SpotifyAuthentication.framework; sourceTree = "<group>"; };
		766870721DD5610700CBAE85 /* SpotifyMetadata.framework */ = {isa = PBXFileReference; lastKnownFileType = wrapper.framework; path = SpotifyMetadata.framework; sourceTree = "<group>"; };
		76FC26911DB84801004304D1 /* Spotifind.app */ = {isa = PBXFileReference; explicitFileType = wrapper.application; includeInIndex = 0; path = Spotifind.app; sourceTree = BUILT_PRODUCTS_DIR; };
		76FC26951DB84801004304D1 /* main.m */ = {isa = PBXFileReference; lastKnownFileType = sourcecode.c.objc; path = main.m; sourceTree = "<group>"; };
		76FC26971DB84801004304D1 /* AppDelegate.h */ = {isa = PBXFileReference; lastKnownFileType = sourcecode.c.h; path = AppDelegate.h; sourceTree = "<group>"; };
		76FC26981DB84801004304D1 /* AppDelegate.m */ = {isa = PBXFileReference; lastKnownFileType = sourcecode.c.objc; path = AppDelegate.m; sourceTree = "<group>"; };
		76FC269A1DB84801004304D1 /* ViewController.h */ = {isa = PBXFileReference; lastKnownFileType = sourcecode.c.h; path = ViewController.h; sourceTree = "<group>"; };
		76FC269B1DB84801004304D1 /* ViewController.m */ = {isa = PBXFileReference; lastKnownFileType = sourcecode.c.objc; path = ViewController.m; sourceTree = "<group>"; };
		76FC269E1DB84801004304D1 /* Base */ = {isa = PBXFileReference; lastKnownFileType = file.storyboard; name = Base; path = Base.lproj/Main.storyboard; sourceTree = "<group>"; };
		76FC26A01DB84802004304D1 /* Assets.xcassets */ = {isa = PBXFileReference; lastKnownFileType = folder.assetcatalog; path = Assets.xcassets; sourceTree = "<group>"; };
		76FC26A31DB84802004304D1 /* Base */ = {isa = PBXFileReference; lastKnownFileType = file.storyboard; name = Base; path = Base.lproj/LaunchScreen.storyboard; sourceTree = "<group>"; };
		76FC26A51DB84802004304D1 /* Info.plist */ = {isa = PBXFileReference; lastKnownFileType = text.plist.xml; path = Info.plist; sourceTree = "<group>"; };
		76FC26AA1DB84802004304D1 /* SpotifindTests.xctest */ = {isa = PBXFileReference; explicitFileType = wrapper.cfbundle; includeInIndex = 0; path = SpotifindTests.xctest; sourceTree = BUILT_PRODUCTS_DIR; };
		76FC26AE1DB84802004304D1 /* SpotifindTests.m */ = {isa = PBXFileReference; lastKnownFileType = sourcecode.c.objc; path = SpotifindTests.m; sourceTree = "<group>"; };
		76FC26B01DB84802004304D1 /* Info.plist */ = {isa = PBXFileReference; lastKnownFileType = text.plist.xml; path = Info.plist; sourceTree = "<group>"; };
		76FC26B51DB84802004304D1 /* SpotifindUITests.xctest */ = {isa = PBXFileReference; explicitFileType = wrapper.cfbundle; includeInIndex = 0; path = SpotifindUITests.xctest; sourceTree = BUILT_PRODUCTS_DIR; };
		76FC26B91DB84802004304D1 /* SpotifindUITests.m */ = {isa = PBXFileReference; lastKnownFileType = sourcecode.c.objc; path = SpotifindUITests.m; sourceTree = "<group>"; };
		76FC26BB1DB84802004304D1 /* Info.plist */ = {isa = PBXFileReference; lastKnownFileType = text.plist.xml; path = Info.plist; sourceTree = "<group>"; };
		76FC26CE1DB8481E004304D1 /* AVFoundation.framework */ = {isa = PBXFileReference; lastKnownFileType = wrapper.framework; name = AVFoundation.framework; path = System/Library/Frameworks/AVFoundation.framework; sourceTree = SDKROOT; };
		76FC26D01DB848E4004304D1 /* CoreData.framework */ = {isa = PBXFileReference; lastKnownFileType = wrapper.framework; name = CoreData.framework; path = System/Library/Frameworks/CoreData.framework; sourceTree = SDKROOT; };
		76FC26D21DB848F2004304D1 /* UIKit.framework */ = {isa = PBXFileReference; lastKnownFileType = wrapper.framework; name = UIKit.framework; path = System/Library/Frameworks/UIKit.framework; sourceTree = SDKROOT; };
		76FC26D41DB84904004304D1 /* Foundation.framework */ = {isa = PBXFileReference; lastKnownFileType = wrapper.framework; name = Foundation.framework; path = System/Library/Frameworks/Foundation.framework; sourceTree = SDKROOT; };
		76FC26D61DB84908004304D1 /* CoreGraphics.framework */ = {isa = PBXFileReference; lastKnownFileType = wrapper.framework; name = CoreGraphics.framework; path = System/Library/Frameworks/CoreGraphics.framework; sourceTree = SDKROOT; };
		76FC26DF1DB84ADF004304D1 /* Security.framework */ = {isa = PBXFileReference; lastKnownFileType = wrapper.framework; name = Security.framework; path = System/Library/Frameworks/Security.framework; sourceTree = SDKROOT; };
/* End PBXFileReference section */

/* Begin PBXFrameworksBuildPhase section */
		76FC268E1DB84801004304D1 /* Frameworks */ = {
			isa = PBXFrameworksBuildPhase;
			buildActionMask = 2147483647;
			files = (
				76FC26E01DB84ADF004304D1 /* Security.framework in Frameworks */,
				766870741DD5610700CBAE85 /* SpotifyAuthentication.framework in Frameworks */,
				76FC26D11DB848E4004304D1 /* CoreData.framework in Frameworks */,
				766870731DD5610700CBAE85 /* SpotifyAudioPlayback.framework in Frameworks */,
				76FC26CF1DB8481E004304D1 /* AVFoundation.framework in Frameworks */,
				76FC26D71DB84908004304D1 /* CoreGraphics.framework in Frameworks */,
				76FC26D51DB84904004304D1 /* Foundation.framework in Frameworks */,
				766870751DD5610700CBAE85 /* SpotifyMetadata.framework in Frameworks */,
				76FC26D31DB848F2004304D1 /* UIKit.framework in Frameworks */,
			);
			runOnlyForDeploymentPostprocessing = 0;
		};
		76FC26A71DB84802004304D1 /* Frameworks */ = {
			isa = PBXFrameworksBuildPhase;
			buildActionMask = 2147483647;
			files = (
			);
			runOnlyForDeploymentPostprocessing = 0;
		};
		76FC26B21DB84802004304D1 /* Frameworks */ = {
			isa = PBXFrameworksBuildPhase;
			buildActionMask = 2147483647;
			files = (
			);
			runOnlyForDeploymentPostprocessing = 0;
		};
/* End PBXFrameworksBuildPhase section */

/* Begin PBXGroup section */
		76FC26881DB84801004304D1 = {
			isa = PBXGroup;
			children = (
				76FC26931DB84801004304D1 /* Spotifind */,
				76FC26AD1DB84802004304D1 /* SpotifindTests */,
				76FC26B81DB84802004304D1 /* SpotifindUITests */,
				76FC26921DB84801004304D1 /* Products */,
				76FC26CD1DB8481E004304D1 /* Frameworks */,
			);
			sourceTree = "<group>";
		};
		76FC26921DB84801004304D1 /* Products */ = {
			isa = PBXGroup;
			children = (
				76FC26911DB84801004304D1 /* Spotifind.app */,
				76FC26AA1DB84802004304D1 /* SpotifindTests.xctest */,
				76FC26B51DB84802004304D1 /* SpotifindUITests.xctest */,
			);
			name = Products;
			sourceTree = "<group>";
		};
		76FC26931DB84801004304D1 /* Spotifind */ = {
			isa = PBXGroup;
			children = (
				76FC26971DB84801004304D1 /* AppDelegate.h */,
				76FC26981DB84801004304D1 /* AppDelegate.m */,
				76FC269A1DB84801004304D1 /* ViewController.h */,
				76FC269B1DB84801004304D1 /* ViewController.m */,
				76FC269D1DB84801004304D1 /* Main.storyboard */,
				76FC26A01DB84802004304D1 /* Assets.xcassets */,
				76FC26A21DB84802004304D1 /* LaunchScreen.storyboard */,
				76FC26A51DB84802004304D1 /* Info.plist */,
				76FC26941DB84801004304D1 /* Supporting Files */,
				7626417E1DD57BAD00CA290C /* PlayerViewController.h */,
				7626417F1DD57BAD00CA290C /* PlayerViewController.m */,
			);
			path = Spotifind;
			sourceTree = "<group>";
		};
		76FC26941DB84801004304D1 /* Supporting Files */ = {
			isa = PBXGroup;
			children = (
				76FC26951DB84801004304D1 /* main.m */,
			);
			name = "Supporting Files";
			sourceTree = "<group>";
		};
		76FC26AD1DB84802004304D1 /* SpotifindTests */ = {
			isa = PBXGroup;
			children = (
				76FC26AE1DB84802004304D1 /* SpotifindTests.m */,
				76FC26B01DB84802004304D1 /* Info.plist */,
			);
			path = SpotifindTests;
			sourceTree = "<group>";
		};
		76FC26B81DB84802004304D1 /* SpotifindUITests */ = {
			isa = PBXGroup;
			children = (
				76FC26B91DB84802004304D1 /* SpotifindUITests.m */,
				76FC26BB1DB84802004304D1 /* Info.plist */,
			);
			path = SpotifindUITests;
			sourceTree = "<group>";
		};
		76FC26CD1DB8481E004304D1 /* Frameworks */ = {
			isa = PBXGroup;
			children = (
				766870701DD5610700CBAE85 /* SpotifyAudioPlayback.framework */,
				766870711DD5610700CBAE85 /* SpotifyAuthentication.framework */,
				766870721DD5610700CBAE85 /* SpotifyMetadata.framework */,
				76FC26DF1DB84ADF004304D1 /* Security.framework */,
				76FC26D61DB84908004304D1 /* CoreGraphics.framework */,
				76FC26D41DB84904004304D1 /* Foundation.framework */,
				76FC26D21DB848F2004304D1 /* UIKit.framework */,
				76FC26D01DB848E4004304D1 /* CoreData.framework */,
				76FC26CE1DB8481E004304D1 /* AVFoundation.framework */,
			);
			name = Frameworks;
			sourceTree = "<group>";
		};
/* End PBXGroup section */

/* Begin PBXNativeTarget section */
		76FC26901DB84801004304D1 /* Spotifind */ = {
			isa = PBXNativeTarget;
			buildConfigurationList = 76FC26BE1DB84802004304D1 /* Build configuration list for PBXNativeTarget "Spotifind" */;
			buildPhases = (
				76FC268D1DB84801004304D1 /* Sources */,
				76FC268E1DB84801004304D1 /* Frameworks */,
				76FC268F1DB84801004304D1 /* Resources */,
			);
			buildRules = (
			);
			dependencies = (
			);
			name = Spotifind;
			productName = Spotifind;
			productReference = 76FC26911DB84801004304D1 /* Spotifind.app */;
			productType = "com.apple.product-type.application";
		};
		76FC26A91DB84802004304D1 /* SpotifindTests */ = {
			isa = PBXNativeTarget;
			buildConfigurationList = 76FC26C11DB84802004304D1 /* Build configuration list for PBXNativeTarget "SpotifindTests" */;
			buildPhases = (
				76FC26A61DB84802004304D1 /* Sources */,
				76FC26A71DB84802004304D1 /* Frameworks */,
				76FC26A81DB84802004304D1 /* Resources */,
			);
			buildRules = (
			);
			dependencies = (
				76FC26AC1DB84802004304D1 /* PBXTargetDependency */,
			);
			name = SpotifindTests;
			productName = SpotifindTests;
			productReference = 76FC26AA1DB84802004304D1 /* SpotifindTests.xctest */;
			productType = "com.apple.product-type.bundle.unit-test";
		};
		76FC26B41DB84802004304D1 /* SpotifindUITests */ = {
			isa = PBXNativeTarget;
			buildConfigurationList = 76FC26C41DB84802004304D1 /* Build configuration list for PBXNativeTarget "SpotifindUITests" */;
			buildPhases = (
				76FC26B11DB84802004304D1 /* Sources */,
				76FC26B21DB84802004304D1 /* Frameworks */,
				76FC26B31DB84802004304D1 /* Resources */,
			);
			buildRules = (
			);
			dependencies = (
				76FC26B71DB84802004304D1 /* PBXTargetDependency */,
			);
			name = SpotifindUITests;
			productName = SpotifindUITests;
			productReference = 76FC26B51DB84802004304D1 /* SpotifindUITests.xctest */;
			productType = "com.apple.product-type.bundle.ui-testing";
		};
/* End PBXNativeTarget section */

/* Begin PBXProject section */
		76FC26891DB84801004304D1 /* Project object */ = {
			isa = PBXProject;
			attributes = {
				LastUpgradeCheck = 0800;
				ORGANIZATIONNAME = "Maria cristina rodriguez";
				TargetAttributes = {
					76FC26901DB84801004304D1 = {
						CreatedOnToolsVersion = 8.0;
						DevelopmentTeam = T9VUHG6RU2;
						ProvisioningStyle = Automatic;
					};
					76FC26A91DB84802004304D1 = {
						CreatedOnToolsVersion = 8.0;
						DevelopmentTeam = T9VUHG6RU2;
						ProvisioningStyle = Automatic;
						TestTargetID = 76FC26901DB84801004304D1;
					};
					76FC26B41DB84802004304D1 = {
						CreatedOnToolsVersion = 8.0;
						DevelopmentTeam = T9VUHG6RU2;
						ProvisioningStyle = Automatic;
						TestTargetID = 76FC26901DB84801004304D1;
					};
				};
			};
			buildConfigurationList = 76FC268C1DB84801004304D1 /* Build configuration list for PBXProject "Spotifind" */;
			compatibilityVersion = "Xcode 3.2";
			developmentRegion = English;
			hasScannedForEncodings = 0;
			knownRegions = (
				en,
				Base,
			);
			mainGroup = 76FC26881DB84801004304D1;
			productRefGroup = 76FC26921DB84801004304D1 /* Products */;
			projectDirPath = "";
			projectRoot = "";
			targets = (
				76FC26901DB84801004304D1 /* Spotifind */,
				76FC26A91DB84802004304D1 /* SpotifindTests */,
				76FC26B41DB84802004304D1 /* SpotifindUITests */,
			);
		};
/* End PBXProject section */

/* Begin PBXResourcesBuildPhase section */
		76FC268F1DB84801004304D1 /* Resources */ = {
			isa = PBXResourcesBuildPhase;
			buildActionMask = 2147483647;
			files = (
				76FC26A41DB84802004304D1 /* LaunchScreen.storyboard in Resources */,
				76FC26A11DB84802004304D1 /* Assets.xcassets in Resources */,
				76FC269F1DB84801004304D1 /* Main.storyboard in Resources */,
			);
			runOnlyForDeploymentPostprocessing = 0;
		};
		76FC26A81DB84802004304D1 /* Resources */ = {
			isa = PBXResourcesBuildPhase;
			buildActionMask = 2147483647;
			files = (
			);
			runOnlyForDeploymentPostprocessing = 0;
		};
		76FC26B31DB84802004304D1 /* Resources */ = {
			isa = PBXResourcesBuildPhase;
			buildActionMask = 2147483647;
			files = (
			);
			runOnlyForDeploymentPostprocessing = 0;
		};
/* End PBXResourcesBuildPhase section */

/* Begin PBXSourcesBuildPhase section */
		76FC268D1DB84801004304D1 /* Sources */ = {
			isa = PBXSourcesBuildPhase;
			buildActionMask = 2147483647;
			files = (
				76FC269C1DB84801004304D1 /* ViewController.m in Sources */,
				762641801DD57BAD00CA290C /* PlayerViewController.m in Sources */,
				76FC26991DB84801004304D1 /* AppDelegate.m in Sources */,
				76FC26961DB84801004304D1 /* main.m in Sources */,
			);
			runOnlyForDeploymentPostprocessing = 0;
		};
		76FC26A61DB84802004304D1 /* Sources */ = {
			isa = PBXSourcesBuildPhase;
			buildActionMask = 2147483647;
			files = (
				76FC26AF1DB84802004304D1 /* SpotifindTests.m in Sources */,
			);
			runOnlyForDeploymentPostprocessing = 0;
		};
		76FC26B11DB84802004304D1 /* Sources */ = {
			isa = PBXSourcesBuildPhase;
			buildActionMask = 2147483647;
			files = (
				76FC26BA1DB84802004304D1 /* SpotifindUITests.m in Sources */,
			);
			runOnlyForDeploymentPostprocessing = 0;
		};
/* End PBXSourcesBuildPhase section */

/* Begin PBXTargetDependency section */
		76FC26AC1DB84802004304D1 /* PBXTargetDependency */ = {
			isa = PBXTargetDependency;
			target = 76FC26901DB84801004304D1 /* Spotifind */;
			targetProxy = 76FC26AB1DB84802004304D1 /* PBXContainerItemProxy */;
		};
		76FC26B71DB84802004304D1 /* PBXTargetDependency */ = {
			isa = PBXTargetDependency;
			target = 76FC26901DB84801004304D1 /* Spotifind */;
			targetProxy = 76FC26B61DB84802004304D1 /* PBXContainerItemProxy */;
		};
/* End PBXTargetDependency section */

/* Begin PBXVariantGroup section */
		76FC269D1DB84801004304D1 /* Main.storyboard */ = {
			isa = PBXVariantGroup;
			children = (
				76FC269E1DB84801004304D1 /* Base */,
			);
			name = Main.storyboard;
			sourceTree = "<group>";
		};
		76FC26A21DB84802004304D1 /* LaunchScreen.storyboard */ = {
			isa = PBXVariantGroup;
			children = (
				76FC26A31DB84802004304D1 /* Base */,
			);
			name = LaunchScreen.storyboard;
			sourceTree = "<group>";
		};
/* End PBXVariantGroup section */

/* Begin XCBuildConfiguration section */
		76FC26BC1DB84802004304D1 /* Debug */ = {
			isa = XCBuildConfiguration;
			buildSettings = {
				ALWAYS_SEARCH_USER_PATHS = NO;
				CLANG_ANALYZER_NONNULL = YES;
				CLANG_CXX_LANGUAGE_STANDARD = "gnu++0x";
				CLANG_CXX_LIBRARY = "libc++";
				CLANG_ENABLE_MODULES = YES;
				CLANG_ENABLE_OBJC_ARC = YES;
				CLANG_WARN_BOOL_CONVERSION = YES;
				CLANG_WARN_CONSTANT_CONVERSION = YES;
				CLANG_WARN_DIRECT_OBJC_ISA_USAGE = YES_ERROR;
				CLANG_WARN_DOCUMENTATION_COMMENTS = YES;
				CLANG_WARN_EMPTY_BODY = YES;
				CLANG_WARN_ENUM_CONVERSION = YES;
				CLANG_WARN_INFINITE_RECURSION = YES;
				CLANG_WARN_INT_CONVERSION = YES;
				CLANG_WARN_OBJC_ROOT_CLASS = YES_ERROR;
				CLANG_WARN_SUSPICIOUS_MOVES = YES;
				CLANG_WARN_UNREACHABLE_CODE = YES;
				CLANG_WARN__DUPLICATE_METHOD_MATCH = YES;
				"CODE_SIGN_IDENTITY[sdk=iphoneos*]" = "iPhone Developer";
				COPY_PHASE_STRIP = NO;
				DEBUG_INFORMATION_FORMAT = dwarf;
				DEVELOPMENT_TEAM = T9VUHG6RU2;
				ENABLE_STRICT_OBJC_MSGSEND = YES;
				ENABLE_TESTABILITY = YES;
				GCC_C_LANGUAGE_STANDARD = gnu99;
				GCC_DYNAMIC_NO_PIC = NO;
				GCC_NO_COMMON_BLOCKS = YES;
				GCC_OPTIMIZATION_LEVEL = 0;
				GCC_PREPROCESSOR_DEFINITIONS = (
					"DEBUG=1",
					"$(inherited)",
				);
				GCC_WARN_64_TO_32_BIT_CONVERSION = YES;
				GCC_WARN_ABOUT_RETURN_TYPE = YES_ERROR;
				GCC_WARN_UNDECLARED_SELECTOR = YES;
				GCC_WARN_UNINITIALIZED_AUTOS = YES_AGGRESSIVE;
				GCC_WARN_UNUSED_FUNCTION = YES;
				GCC_WARN_UNUSED_VARIABLE = YES;
				IPHONEOS_DEPLOYMENT_TARGET = 10.0;
				MTL_ENABLE_DEBUG_INFO = YES;
				ONLY_ACTIVE_ARCH = YES;
				SDKROOT = iphoneos;
				TARGETED_DEVICE_FAMILY = "1,2";
			};
			name = Debug;
		};
		76FC26BD1DB84802004304D1 /* Release */ = {
			isa = XCBuildConfiguration;
			buildSettings = {
				ALWAYS_SEARCH_USER_PATHS = NO;
				CLANG_ANALYZER_NONNULL = YES;
				CLANG_CXX_LANGUAGE_STANDARD = "gnu++0x";
				CLANG_CXX_LIBRARY = "libc++";
				CLANG_ENABLE_MODULES = YES;
				CLANG_ENABLE_OBJC_ARC = YES;
				CLANG_WARN_BOOL_CONVERSION = YES;
				CLANG_WARN_CONSTANT_CONVERSION = YES;
				CLANG_WARN_DIRECT_OBJC_ISA_USAGE = YES_ERROR;
				CLANG_WARN_DOCUMENTATION_COMMENTS = YES;
				CLANG_WARN_EMPTY_BODY = YES;
				CLANG_WARN_ENUM_CONVERSION = YES;
				CLANG_WARN_INFINITE_RECURSION = YES;
				CLANG_WARN_INT_CONVERSION = YES;
				CLANG_WARN_OBJC_ROOT_CLASS = YES_ERROR;
				CLANG_WARN_SUSPICIOUS_MOVES = YES;
				CLANG_WARN_UNREACHABLE_CODE = YES;
				CLANG_WARN__DUPLICATE_METHOD_MATCH = YES;
				"CODE_SIGN_IDENTITY[sdk=iphoneos*]" = "iPhone Developer";
				COPY_PHASE_STRIP = NO;
				DEBUG_INFORMATION_FORMAT = "dwarf-with-dsym";
				DEVELOPMENT_TEAM = T9VUHG6RU2;
				ENABLE_NS_ASSERTIONS = NO;
				ENABLE_STRICT_OBJC_MSGSEND = YES;
				GCC_C_LANGUAGE_STANDARD = gnu99;
				GCC_NO_COMMON_BLOCKS = YES;
				GCC_WARN_64_TO_32_BIT_CONVERSION = YES;
				GCC_WARN_ABOUT_RETURN_TYPE = YES_ERROR;
				GCC_WARN_UNDECLARED_SELECTOR = YES;
				GCC_WARN_UNINITIALIZED_AUTOS = YES_AGGRESSIVE;
				GCC_WARN_UNUSED_FUNCTION = YES;
				GCC_WARN_UNUSED_VARIABLE = YES;
				IPHONEOS_DEPLOYMENT_TARGET = 10.0;
				MTL_ENABLE_DEBUG_INFO = NO;
				SDKROOT = iphoneos;
				TARGETED_DEVICE_FAMILY = "1,2";
				VALIDATE_PRODUCT = YES;
			};
			name = Release;
		};
		76FC26BF1DB84802004304D1 /* Debug */ = {
			isa = XCBuildConfiguration;
			buildSettings = {
				ASSETCATALOG_COMPILER_APPICON_NAME = AppIcon;
				DEVELOPMENT_TEAM = T9VUHG6RU2;
				FRAMEWORK_SEARCH_PATHS = (
					../..,
					"$(PROJECT_DIR)",
				);
				INFOPLIST_FILE = Spotifind/Info.plist;
				IPHONEOS_DEPLOYMENT_TARGET = 9.3;
				LD_RUNPATH_SEARCH_PATHS = "$(inherited) @executable_path/Frameworks";
				OTHER_LDFLAGS = "-ObjC";
				PRODUCT_BUNDLE_IDENTIFIER = org.crisyelpegaso.Spotifind;
				PRODUCT_NAME = "$(TARGET_NAME)";
			};
			name = Debug;
		};
		76FC26C01DB84802004304D1 /* Release */ = {
			isa = XCBuildConfiguration;
			buildSettings = {
				ASSETCATALOG_COMPILER_APPICON_NAME = AppIcon;
				DEVELOPMENT_TEAM = T9VUHG6RU2;
				FRAMEWORK_SEARCH_PATHS = (
					../..,
					"$(PROJECT_DIR)",
				);
				INFOPLIST_FILE = Spotifind/Info.plist;
				IPHONEOS_DEPLOYMENT_TARGET = 9.3;
				LD_RUNPATH_SEARCH_PATHS = "$(inherited) @executable_path/Frameworks";
				OTHER_LDFLAGS = "-ObjC";
				PRODUCT_BUNDLE_IDENTIFIER = org.crisyelpegaso.Spotifind;
				PRODUCT_NAME = "$(TARGET_NAME)";
			};
			name = Release;
		};
		76FC26C21DB84802004304D1 /* Debug */ = {
			isa = XCBuildConfiguration;
			buildSettings = {
				BUNDLE_LOADER = "$(TEST_HOST)";
				INFOPLIST_FILE = SpotifindTests/Info.plist;
				LD_RUNPATH_SEARCH_PATHS = "$(inherited) @executable_path/Frameworks @loader_path/Frameworks";
				PRODUCT_BUNDLE_IDENTIFIER = org.crisyelpegaso.SpotifindTests;
				PRODUCT_NAME = "$(TARGET_NAME)";
				TEST_HOST = "$(BUILT_PRODUCTS_DIR)/Spotifind.app/Spotifind";
			};
			name = Debug;
		};
		76FC26C31DB84802004304D1 /* Release */ = {
			isa = XCBuildConfiguration;
			buildSettings = {
				BUNDLE_LOADER = "$(TEST_HOST)";
				INFOPLIST_FILE = SpotifindTests/Info.plist;
				LD_RUNPATH_SEARCH_PATHS = "$(inherited) @executable_path/Frameworks @loader_path/Frameworks";
				PRODUCT_BUNDLE_IDENTIFIER = org.crisyelpegaso.SpotifindTests;
				PRODUCT_NAME = "$(TARGET_NAME)";
				TEST_HOST = "$(BUILT_PRODUCTS_DIR)/Spotifind.app/Spotifind";
			};
			name = Release;
		};
		76FC26C51DB84802004304D1 /* Debug */ = {
			isa = XCBuildConfiguration;
			buildSettings = {
				INFOPLIST_FILE = SpotifindUITests/Info.plist;
				LD_RUNPATH_SEARCH_PATHS = "$(inherited) @executable_path/Frameworks @loader_path/Frameworks";
				PRODUCT_BUNDLE_IDENTIFIER = org.crisyelpegaso.SpotifindUITests;
				PRODUCT_NAME = "$(TARGET_NAME)";
				TEST_TARGET_NAME = Spotifind;
			};
			name = Debug;
		};
		76FC26C61DB84802004304D1 /* Release */ = {
			isa = XCBuildConfiguration;
			buildSettings = {
				INFOPLIST_FILE = SpotifindUITests/Info.plist;
				LD_RUNPATH_SEARCH_PATHS = "$(inherited) @executable_path/Frameworks @loader_path/Frameworks";
				PRODUCT_BUNDLE_IDENTIFIER = org.crisyelpegaso.SpotifindUITests;
				PRODUCT_NAME = "$(TARGET_NAME)";
				TEST_TARGET_NAME = Spotifind;
			};
			name = Release;
		};
/* End XCBuildConfiguration section */

/* Begin XCConfigurationList section */
		76FC268C1DB84801004304D1 /* Build configuration list for PBXProject "Spotifind" */ = {
			isa = XCConfigurationList;
			buildConfigurations = (
				76FC26BC1DB84802004304D1 /* Debug */,
				76FC26BD1DB84802004304D1 /* Release */,
			);
			defaultConfigurationIsVisible = 0;
			defaultConfigurationName = Release;
		};
		76FC26BE1DB84802004304D1 /* Build configuration list for PBXNativeTarget "Spotifind" */ = {
			isa = XCConfigurationList;
			buildConfigurations = (
				76FC26BF1DB84802004304D1 /* Debug */,
				76FC26C01DB84802004304D1 /* Release */,
			);
			defaultConfigurationIsVisible = 0;
			defaultConfigurationName = Release;
		};
		76FC26C11DB84802004304D1 /* Build configuration list for PBXNativeTarget "SpotifindTests" */ = {
			isa = XCConfigurationList;
			buildConfigurations = (
				76FC26C21DB84802004304D1 /* Debug */,
				76FC26C31DB84802004304D1 /* Release */,
			);
			defaultConfigurationIsVisible = 0;
			defaultConfigurationName = Release;
		};
		76FC26C41DB84802004304D1 /* Build configuration list for PBXNativeTarget "SpotifindUITests" */ = {
			isa = XCConfigurationList;
			buildConfigurations = (
				76FC26C51DB84802004304D1 /* Debug */,
				76FC26C61DB84802004304D1 /* Release */,
			);
			defaultConfigurationIsVisible = 0;
			defaultConfigurationName = Release;
		};
/* End XCConfigurationList section */
	};
	rootObject = 76FC26891DB84801004304D1 /* Project object */;
}
